// !$*UTF8*$!
{
	archiveVersion = 1;
	classes = {
	};
	objectVersion = 50;
	objects = {

/* Begin PBXBuildFile section */
		AA97852B224F3F5B000F8A48 /* AppDelegate.swift in Sources */ = {isa = PBXBuildFile; fileRef = AA97852A224F3F5B000F8A48 /* AppDelegate.swift */; };
		AA97852D224F3F5B000F8A48 /* ViewController.swift in Sources */ = {isa = PBXBuildFile; fileRef = AA97852C224F3F5B000F8A48 /* ViewController.swift */; };
		AA978530224F3F5B000F8A48 /* Main.storyboard in Resources */ = {isa = PBXBuildFile; fileRef = AA97852E224F3F5B000F8A48 /* Main.storyboard */; };
		AA978532224F3F5D000F8A48 /* Assets.xcassets in Resources */ = {isa = PBXBuildFile; fileRef = AA978531224F3F5D000F8A48 /* Assets.xcassets */; };
		AA978535224F3F5D000F8A48 /* LaunchScreen.storyboard in Resources */ = {isa = PBXBuildFile; fileRef = AA978533224F3F5D000F8A48 /* LaunchScreen.storyboard */; };
/* End PBXBuildFile section */

/* Begin PBXFileReference section */
		AA978527224F3F5B000F8A48 /* pokerTwentyone.app */ = {isa = PBXFileReference; explicitFileType = wrapper.application; includeInIndex = 0; path = pokerTwentyone.app; sourceTree = BUILT_PRODUCTS_DIR; };
		AA97852A224F3F5B000F8A48 /* AppDelegate.swift */ = {isa = PBXFileReference; lastKnownFileType = sourcecode.swift; path = AppDelegate.swift; sourceTree = "<group>"; };
		AA97852C224F3F5B000F8A48 /* ViewController.swift */ = {isa = PBXFileReference; lastKnownFileType = sourcecode.swift; path = ViewController.swift; sourceTree = "<group>"; };
		AA97852F224F3F5B000F8A48 /* Base */ = {isa = PBXFileReference; lastKnownFileType = file.storyboard; name = Base; path = Base.lproj/Main.storyboard; sourceTree = "<group>"; };
		AA978531224F3F5D000F8A48 /* Assets.xcassets */ = {isa = PBXFileReference; lastKnownFileType = folder.assetcatalog; path = Assets.xcassets; sourceTree = "<group>"; };
		AA978534224F3F5D000F8A48 /* Base */ = {isa = PBXFileReference; lastKnownFileType = file.storyboard; name = Base; path = Base.lproj/LaunchScreen.storyboard; sourceTree = "<group>"; };
		AA978536224F3F5D000F8A48 /* Info.plist */ = {isa = PBXFileReference; lastKnownFileType = text.plist.xml; path = Info.plist; sourceTree = "<group>"; };
/* End PBXFileReference section */

/* Begin PBXFrameworksBuildPhase section */
		AA978524224F3F5B000F8A48 /* Frameworks */ = {
			isa = PBXFrameworksBuildPhase;
			buildActionMask = 2147483647;
			files = (
			);
			runOnlyForDeploymentPostprocessing = 0;
		};
/* End PBXFrameworksBuildPhase section */

/* Begin PBXGroup section */
		AA97851E224F3F5B000F8A48 = {
			isa = PBXGroup;
			children = (
				AA978529224F3F5B000F8A48 /* pokerTwentyone */,
				AA978528224F3F5B000F8A48 /* Products */,
			);
			sourceTree = "<group>";
		};
		AA978528224F3F5B000F8A48 /* Products */ = {
			isa = PBXGroup;
			children = (
				AA978527224F3F5B000F8A48 /* pokerTwentyone.app */,
			);
			name = Products;
			sourceTree = "<group>";
		};
		AA978529224F3F5B000F8A48 /* pokerTwentyone */ = {
			isa = PBXGroup;
			children = (
				AA97852A224F3F5B000F8A48 /* AppDelegate.swift */,
				AA97852C224F3F5B000F8A48 /* ViewController.swift */,
				AA97852E224F3F5B000F8A48 /* Main.storyboard */,
				AA978531224F3F5D000F8A48 /* Assets.xcassets */,
				AA978533224F3F5D000F8A48 /* LaunchScreen.storyboard */,
				AA978536224F3F5D000F8A48 /* Info.plist */,
			);
			path = pokerTwentyone;
			sourceTree = "<group>";
		};
/* End PBXGroup section */

/* Begin PBXNativeTarget section */
		AA978526224F3F5B000F8A48 /* pokerTwentyone */ = {
			isa = PBXNativeTarget;
			buildConfigurationList = AA978539224F3F5D000F8A48 /* Build configuration list for PBXNativeTarget "pokerTwentyone" */;
			buildPhases = (
				AA978523224F3F5B000F8A48 /* Sources */,
				AA978524224F3F5B000F8A48 /* Frameworks */,
				AA978525224F3F5B000F8A48 /* Resources */,
			);
			buildRules = (
			);
			dependencies = (
			);
			name = pokerTwentyone;
			productName = pokerTwentyone;
			productReference = AA978527224F3F5B000F8A48 /* pokerTwentyone.app */;
			productType = "com.apple.product-type.application";
		};
/* End PBXNativeTarget section */

/* Begin PBXProject section */
		AA97851F224F3F5B000F8A48 /* Project object */ = {
			isa = PBXProject;
			attributes = {
				LastSwiftUpdateCheck = 1020;
				LastUpgradeCheck = 1020;
				ORGANIZATIONNAME = "Yolanda H.";
				TargetAttributes = {
					AA978526224F3F5B000F8A48 = {
						CreatedOnToolsVersion = 10.2;
					};
				};
			};
			buildConfigurationList = AA978522224F3F5B000F8A48 /* Build configuration list for PBXProject "pokerTwentyone" */;
			compatibilityVersion = "Xcode 9.3";
			developmentRegion = en;
			hasScannedForEncodings = 0;
			knownRegions = (
				en,
				Base,
			);
			mainGroup = AA97851E224F3F5B000F8A48;
			productRefGroup = AA978528224F3F5B000F8A48 /* Products */;
			projectDirPath = "";
			projectRoot = "";
			targets = (
				AA978526224F3F5B000F8A48 /* pokerTwentyone */,
			);
		};
/* End PBXProject section */

/* Begin PBXResourcesBuildPhase section */
		AA978525224F3F5B000F8A48 /* Resources */ = {
			isa = PBXResourcesBuildPhase;
			buildActionMask = 2147483647;
			files = (
				AA978535224F3F5D000F8A48 /* LaunchScreen.storyboard in Resources */,
				AA978532224F3F5D000F8A48 /* Assets.xcassets in Resources */,
				AA978530224F3F5B000F8A48 /* Main.storyboard in Resources */,
			);
			runOnlyForDeploymentPostprocessing = 0;
		};
/* End PBXResourcesBuildPhase section */

/* Begin PBXSourcesBuildPhase section */
		AA978523224F3F5B000F8A48 /* Sources */ = {
			isa = PBXSourcesBuildPhase;
			buildActionMask = 2147483647;
			files = (
				AA97852D224F3F5B000F8A48 /* ViewController.swift in Sources */,
				AA97852B224F3F5B000F8A48 /* AppDelegate.swift in Sources */,
			);
			runOnlyForDeploymentPostprocessing = 0;
		};
/* End PBXSourcesBuildPhase section */

/* Begin PBXVariantGroup section */
		AA97852E224F3F5B000F8A48 /* Main.storyboard */ = {
			isa = PBXVariantGroup;
			children = (
				AA97852F224F3F5B000F8A48 /* Base */,
			);
			name = Main.storyboard;
			sourceTree = "<group>";
		};
		AA978533224F3F5D000F8A48 /* LaunchScreen.storyboard */ = {
			isa = PBXVariantGroup;
			children = (
				AA978534224F3F5D000F8A48 /* Base */,
			);
			name = LaunchScreen.storyboard;
			sourceTree = "<group>";
		};
/* End PBXVariantGroup section */

/* Begin XCBuildConfiguration section */
		AA978537224F3F5D000F8A48 /* Debug */ = {
			isa = XCBuildConfiguration;
			buildSettings = {
				ALWAYS_SEARCH_USER_PATHS = NO;
				CLANG_ANALYZER_NONNULL = YES;
				CLANG_ANALYZER_NUMBER_OBJECT_CONVERSION = YES_AGGRESSIVE;
				CLANG_CXX_LANGUAGE_STANDARD = "gnu++14";
				CLANG_CXX_LIBRARY = "libc++";
				CLANG_ENABLE_MODULES = YES;
				CLANG_ENABLE_OBJC_ARC = YES;
				CLANG_ENABLE_OBJC_WEAK = YES;
				CLANG_WARN_BLOCK_CAPTURE_AUTORELEASING = YES;
				CLANG_WARN_BOOL_CONVERSION = YES;
				CLANG_WARN_COMMA = YES;
				CLANG_WARN_CONSTANT_CONVERSION = YES;
				CLANG_WARN_DEPRECATED_OBJC_IMPLEMENTATIONS = YES;
				CLANG_WARN_DIRECT_OBJC_ISA_USAGE = YES_ERROR;
				CLANG_WARN_DOCUMENTATION_COMMENTS = YES;
				CLANG_WARN_EMPTY_BODY = YES;
				CLANG_WARN_ENUM_CONVERSION = YES;
				CLANG_WARN_INFINITE_RECURSION = YES;
				CLANG_WARN_INT_CONVERSION = YES;
				CLANG_WARN_NON_LITERAL_NULL_CONVERSION = YES;
				CLANG_WARN_OBJC_IMPLICIT_RETAIN_SELF = YES;
				CLANG_WARN_OBJC_LITERAL_CONVERSION = YES;
				CLANG_WARN_OBJC_ROOT_CLASS = YES_ERROR;
				CLANG_WARN_RANGE_LOOP_ANALYSIS = YES;
				CLANG_WARN_STRICT_PROTOTYPES = YES;
				CLANG_WARN_SUSPICIOUS_MOVE = YES;
				CLANG_WARN_UNGUARDED_AVAILABILITY = YES_AGGRESSIVE;
				CLANG_WARN_UNREACHABLE_CODE = YES;
				CLANG_WARN__DUPLICATE_METHOD_MATCH = YES;
				CODE_SIGN_IDENTITY = "iPhone Developer";
				COPY_PHASE_STRIP = NO;
				DEBUG_INFORMATION_FORMAT = dwarf;
				ENABLE_STRICT_OBJC_MSGSEND = YES;
				ENABLE_TESTABILITY = YES;
				GCC_C_LANGUAGE_STANDARD = gnu11;
				GCC_DYNAMIC_NO_PIC = NO;
				GCC_NO_COMMON_BLOCKS = YES;
				GCC_OPTIMIZATION_LEVEL = 0;
				GCC_PREPROCESSOR_DEFINITIONS = (
					"DEBUG=1",
					"$(inherited)",
				);
				GCC_WARN_64_TO_32_BIT_CONVERSION = YES;
				GCC_WARN_ABOUT_RETURN_TYPE = YES_ERROR;
				GCC_WARN_UNDECLARED_SELECTOR = YES;
				GCC_WARN_UNINITIALIZED_AUTOS = YES_AGGRESSIVE;
				GCC_WARN_UNUSED_FUNCTION = YES;
				GCC_WARN_UNUSED_VARIABLE = YES;
				IPHONEOS_DEPLOYMENT_TARGET = 12.2;
				MTL_ENABLE_DEBUG_INFO = INCLUDE_SOURCE;
				MTL_FAST_MATH = YES;
				ONLY_ACTIVE_ARCH = YES;
				SDKROOT = iphoneos;
				SWIFT_ACTIVE_COMPILATION_CONDITIONS = DEBUG;
				SWIFT_OPTIMIZATION_LEVEL = "-Onone";
			};
			name = Debug;
		};
		AA978538224F3F5D000F8A48 /* Release */ = {
			isa = XCBuildConfiguration;
			buildSettings = {
				ALWAYS_SEARCH_USER_PATHS = NO;
				CLANG_ANALYZER_NONNULL = YES;
				CLANG_ANALYZER_NUMBER_OBJECT_CONVERSION = YES_AGGRESSIVE;
				CLANG_CXX_LANGUAGE_STANDARD = "gnu++14";
				CLANG_CXX_LIBRARY = "libc++";
				CLANG_ENABLE_MODULES = YES;
				CLANG_ENABLE_OBJC_ARC = YES;
				CLANG_ENABLE_OBJC_WEAK = YES;
				CLANG_WARN_BLOCK_CAPTURE_AUTORELEASING = YES;
				CLANG_WARN_BOOL_CONVERSION = YES;
				CLANG_WARN_COMMA = YES;
				CLANG_WARN_CONSTANT_CONVERSION = YES;
				CLANG_WARN_DEPRECATED_OBJC_IMPLEMENTATIONS = YES;
				CLANG_WARN_DIRECT_OBJC_ISA_USAGE = YES_ERROR;
				CLANG_WARN_DOCUMENTATION_COMMENTS = YES;
				CLANG_WARN_EMPTY_BODY = YES;
				CLANG_WARN_ENUM_CONVERSION = YES;
				CLANG_WARN_INFINITE_RECURSION = YES;
				CLANG_WARN_INT_CONVERSION = YES;
				CLANG_WARN_NON_LITERAL_NULL_CONVERSION = YES;
				CLANG_WARN_OBJC_IMPLICIT_RETAIN_SELF = YES;
				CLANG_WARN_OBJC_LITERAL_CONVERSION = YES;
				CLANG_WARN_OBJC_ROOT_CLASS = YES_ERROR;
				CLANG_WARN_RANGE_LOOP_ANALYSIS = YES;
				CLANG_WARN_STRICT_PROTOTYPES = YES;
				CLANG_WARN_SUSPICIOUS_MOVE = YES;
				CLANG_WARN_UNGUARDED_AVAILABILITY = YES_AGGRESSIVE;
				CLANG_WARN_UNREACHABLE_CODE = YES;
				CLANG_WARN__DUPLICATE_METHOD_MATCH = YES;
				CODE_SIGN_IDENTITY = "iPhone Developer";
				COPY_PHASE_STRIP = NO;
				DEBUG_INFORMATION_FORMAT = "dwarf-with-dsym";
				ENABLE_NS_ASSERTIONS = NO;
				ENABLE_STRICT_OBJC_MSGSEND = YES;
				GCC_C_LANGUAGE_STANDARD = gnu11;
				GCC_NO_COMMON_BLOCKS = YES;
				GCC_WARN_64_TO_32_BIT_CONVERSION = YES;
				GCC_WARN_ABOUT_RETURN_TYPE = YES_ERROR;
				GCC_WARN_UNDECLARED_SELECTOR = YES;
				GCC_WARN_UNINITIALIZED_AUTOS = YES_AGGRESSIVE;
				GCC_WARN_UNUSED_FUNCTION = YES;
				GCC_WARN_UNUSED_VARIABLE = YES;
				IPHONEOS_DEPLOYMENT_TARGET = 12.2;
				MTL_ENABLE_DEBUG_INFO = NO;
				MTL_FAST_MATH = YES;
				SDKROOT = iphoneos;
				SWIFT_COMPILATION_MODE = wholemodule;
				SWIFT_OPTIMIZATION_LEVEL = "-O";
				VALIDATE_PRODUCT = YES;
			};
			name = Release;
		};
		AA97853A224F3F5D000F8A48 /* Debug */ = {
			isa = XCBuildConfiguration;
			buildSettings = {
				ASSETCATALOG_COMPILER_APPICON_NAME = AppIcon;
				CODE_SIGN_STYLE = Automatic;
				DEVELOPMENT_TEAM = 79GYT6HJ92;
				INFOPLIST_FILE = pokerTwentyone/Info.plist;
				LD_RUNPATH_SEARCH_PATHS = (
					"$(inherited)",
					"@executable_path/Frameworks",
				);
				PRODUCT_BUNDLE_IDENTIFIER = com.yolanda.pokerTwentyone;
				PRODUCT_NAME = "$(TARGET_NAME)";
				SWIFT_VERSION = 5.0;
				TARGETED_DEVICE_FAMILY = "1,2";
			};
			name = Debug;
		};
		AA97853B224F3F5D000F8A48 /* Release */ = {
			isa = XCBuildConfiguration;
			buildSettings = {
				ASSETCATALOG_COMPILER_APPICON_NAME = AppIcon;
				CODE_SIGN_STYLE = Automatic;
				DEVELOPMENT_TEAM = 79GYT6HJ92;
				INFOPLIST_FILE = pokerTwentyone/Info.plist;
				LD_RUNPATH_SEARCH_PATHS = (
					"$(inherited)",
					"@executable_path/Frameworks",
				);
				PRODUCT_BUNDLE_IDENTIFIER = com.yolanda.pokerTwentyone;
				PRODUCT_NAME = "$(TARGET_NAME)";
				SWIFT_VERSION = 5.0;
				TARGETED_DEVICE_FAMILY = "1,2";
			};
			name = Release;
		};
/* End XCBuildConfiguration section */

/* Begin XCConfigurationList section */
		AA978522224F3F5B000F8A48 /* Build configuration list for PBXProject "pokerTwentyone" */ = {
			isa = XCConfigurationList;
			buildConfigurations = (
				AA978537224F3F5D000F8A48 /* Debug */,
				AA978538224F3F5D000F8A48 /* Release */,
			);
			defaultConfigurationIsVisible = 0;
			defaultConfigurationName = Release;
		};
		AA978539224F3F5D000F8A48 /* Build configuration list for PBXNativeTarget "pokerTwentyone" */ = {
			isa = XCConfigurationList;
			buildConfigurations = (
				AA97853A224F3F5D000F8A48 /* Debug */,
				AA97853B224F3F5D000F8A48 /* Release */,
			);
			defaultConfigurationIsVisible = 0;
			defaultConfigurationName = Release;
		};
/* End XCConfigurationList section */
	};
	rootObject = AA97851F224F3F5B000F8A48 /* Project object */;
}
